github.com/ajaquith/mediumish-gohugo-theme v0.0.0-20231120165054-4cecb6e920e2 h1:zgp2xXga+KOIYU4QT3/0FOvVcRiMyx+D2BIs7WYheLc=
github.com/ajaquith/mediumish-gohugo-theme v0.0.0-20231120165054-4cecb6e920e2/go.mod h1:gcFQjZTwb2oV6Hf7aNjOilc9gPCxTkKK+8bXNuUwc+g=
github.com/ajaquith/mediumish-gohugo-theme v0.0.0-20231130203522-c2191b7b9132 h1:Ago340klhsTOIoBnovG017v55G+GCzJvnMcskAPtWco=
github.com/ajaquith/mediumish-gohugo-theme v0.0.0-20231130203522-c2191b7b9132/go.mod h1:gcFQjZTwb2oV6Hf7aNjOilc9gPCxTkKK+8bXNuUwc+g=
github.com/ajaquith/mediumish-gohugo-theme v0.0.0-20231201173931-1c9839eaa686 h1:TFLT6PGWkIfU9pgsWSBG3BmB4WGw8RU8ZXBCuFSRyeo=
github.com/ajaquith/mediumish-gohugo-theme v0.0.0-20231201173931-1c9839eaa686/go.mod h1:gcFQjZTwb2oV6Hf7aNjOilc9gPCxTkKK+8bXNuUwc+g=
